
Microsoft Visual Studio Solution File, Format Version 12.00
# Visual Studio Version 17
VisualStudioVersion = 17.6.33829.357
MinimumVisualStudioVersion = 10.0.40219.1
Project("{FAE04EC0-301F-11D3-BF4B-00C04F79EFBC}") = "Lockdown", "Lockdown.csproj", "{D56DE8FB-97C3-44DF-B613-E55A89076F01}"
EndProject
Global
	GlobalSection(SolutionConfigurationPlatforms) = preSolution
		Debug|Any CPU = Debug|Any CPU
		Release|Any CPU = Release|Any CPU
	EndGlobalSection
	GlobalSection(ProjectConfigurationPlatforms) = postSolution
		{D56DE8FB-97C3-44DF-B613-E55A89076F01}.Debug|Any CPU.ActiveCfg = Debug|Any CPU
		{D56DE8FB-97C3-44DF-B613-E55A89076F01}.Debug|Any CPU.Build.0 = Debug|Any CPU
		{D56DE8FB-97C3-44DF-B613-E55A89076F01}.Release|Any CPU.ActiveCfg = Release|Any CPU
		{D56DE8FB-97C3-44DF-B613-E55A89076F01}.Release|Any CPU.Build.0 = Release|Any CPU
	EndGlobalSection
	GlobalSection(SolutionProperties) = preSolution
		HideSolutionNode = FALSE
	EndGlobalSection
	GlobalSection(ExtensibilityGlobals) = postSolution
		SolutionGuid = {F66C3DB9-4E2E-4920-BC7D-76DA8FE51444}
	EndGlobalSection
EndGlobal
